
Microsoft Visual Studio Solution File, Format Version 12.00
# Visual Studio Version 16
VisualStudioVersion = 16.0.29613.14
MinimumVisualStudioVersion = 10.0.40219.1
Project("{FAE04EC0-301F-11D3-BF4B-00C04F79EFBC}") = "EventHubDumper", "EventHubDumper\EventHubDumper.csproj", "{A891DC4B-AC4F-4CFC-AB0D-4DD1154DDE6C}"
EndProject
Global
	GlobalSection(SolutionConfigurationPlatforms) = preSolution
		Debug|Any CPU = Debug|Any CPU
		Release|Any CPU = Release|Any CPU
	EndGlobalSection
	GlobalSection(ProjectConfigurationPlatforms) = postSolution
		{A891DC4B-AC4F-4CFC-AB0D-4DD1154DDE6C}.Debug|Any CPU.ActiveCfg = Debug|Any CPU
		{A891DC4B-AC4F-4CFC-AB0D-4DD1154DDE6C}.Debug|Any CPU.Build.0 = Debug|Any CPU
		{A891DC4B-AC4F-4CFC-AB0D-4DD1154DDE6C}.Release|Any CPU.ActiveCfg = Release|Any CPU
		{A891DC4B-AC4F-4CFC-AB0D-4DD1154DDE6C}.Release|Any CPU.Build.0 = Release|Any CPU
	EndGlobalSection
	GlobalSection(SolutionProperties) = preSolution
		HideSolutionNode = FALSE
	EndGlobalSection
	GlobalSection(ExtensibilityGlobals) = postSolution
		SolutionGuid = {0203D4E5-B21E-41F9-9C83-BC2142435B08}
	EndGlobalSection
EndGlobal
